
Microsoft Visual Studio Solution File, Format Version 12.00
# Visual Studio Version 17
VisualStudioVersion = 17.0.31912.275
MinimumVisualStudioVersion = 10.0.40219.1
Project("{9A19103F-16F7-4668-BE54-9A1E7A4F7556}") = "SuperSafeBank.Domain", "SuperSafeBank.Domain\SuperSafeBank.Domain.csproj", "{EE530189-2328-40EF-896F-73B7A3F56C0E}"
EndProject
Project("{9A19103F-16F7-4668-BE54-9A1E7A4F7556}") = "SuperSafeBank.Domain.Tests", "SuperSafeBank.Domain.Tests\SuperSafeBank.Domain.Tests.csproj", "{848B85D1-8026-487A-8C1D-82EE82D4A90B}"
EndProject
Project("{9A19103F-16F7-4668-BE54-9A1E7A4F7556}") = "SuperSafeBank.Persistence.EventStore", "SuperSafeBank.Persistence.EventStore\SuperSafeBank.Persistence.EventStore.csproj", "{DE16F629-8843-485E-A96C-344B02CFADF0}"
EndProject
Project("{2150E333-8FDC-42A3-9474-1A3956D46DE8}") = "Core", "Core", "{EC65D781-714C-4F07-AE6E-BD387D276238}"
EndProject
Project("{2150E333-8FDC-42A3-9474-1A3956D46DE8}") = "Services", "Services", "{7FBE1D53-88F3-4F10-82BA-6AA47A846947}"
EndProject
Project("{9A19103F-16F7-4668-BE54-9A1E7A4F7556}") = "SuperSafeBank.Worker.Notifications", "SuperSafeBank.Worker.Notifications\SuperSafeBank.Worker.Notifications.csproj", "{64FE837B-B73B-4E42-BFB5-ACA49BFDD540}"
EndProject
Project("{2150E333-8FDC-42A3-9474-1A3956D46DE8}") = "Infrastructure", "Infrastructure", "{CA232CD4-F670-49F0-AD07-75B030476841}"
EndProject
Project("{2150E333-8FDC-42A3-9474-1A3956D46DE8}") = "On Premise", "On Premise", "{4C341047-25AD-420A-9F26-18769413856F}"
EndProject
Project("{9A19103F-16F7-4668-BE54-9A1E7A4F7556}") = "SuperSafeBank.Persistence.Azure", "SuperSafeBank.Persistence.Azure\SuperSafeBank.Persistence.Azure.csproj", "{A8AD029C-8810-4577-8561-1893ACF686F5}"
EndProject
Project("{9A19103F-16F7-4668-BE54-9A1E7A4F7556}") = "SuperSafeBank.Persistence.Azure.Tests", "SuperSafeBank.Persistence.Azure.Tests\SuperSafeBank.Persistence.Azure.Tests.csproj", "{30BF041F-E980-4D19-AAA2-C84BC14FFEF8}"
EndProject
Project("{2150E333-8FDC-42A3-9474-1A3956D46DE8}") = "On Premise", "On Premise", "{BB8CDDBD-7E93-4F38-908C-093908EFAB9B}"
EndProject
Project("{2150E333-8FDC-42A3-9474-1A3956D46DE8}") = "Azure", "Azure", "{AFEFE4E3-894C-4A62-973B-B5CD430F6FC5}"
EndProject
Project("{9A19103F-16F7-4668-BE54-9A1E7A4F7556}") = "SuperSafeBank.Persistence.EventStore.Tests", "SuperSafeBank.Persistence.EventStore.Tests\SuperSafeBank.Persistence.EventStore.Tests.csproj", "{7583C648-D1D4-410E-98E7-D94622DC9BA0}"
EndProject
Project("{9A19103F-16F7-4668-BE54-9A1E7A4F7556}") = "SuperSafeBank.Persistence.Tests", "SuperSafeBank.Persistence.Tests\SuperSafeBank.Persistence.Tests.csproj", "{D9C0144F-893D-421A-89EE-E87D36F80CE3}"
EndProject
Project("{9A19103F-16F7-4668-BE54-9A1E7A4F7556}") = "SuperSafeBank.Persistence.Mongo", "SuperSafeBank.Persistence.Mongo\SuperSafeBank.Persistence.Mongo.csproj", "{3A0C1B7E-7745-49E1-AC44-61DE79EA9C1C}"
EndProject
Project("{9A19103F-16F7-4668-BE54-9A1E7A4F7556}") = "SuperSafeBank.Persistence.Mongo.Tests", "SuperSafeBank.Persistence.Mongo.Tests\SuperSafeBank.Persistence.Mongo.Tests.csproj", "{E8CB1E2F-C9F8-4538-9A02-9C10097F513A}"
EndProject
Project("{9A19103F-16F7-4668-BE54-9A1E7A4F7556}") = "SuperSafeBank.Transport.Kafka", "SuperSafeBank.Transport.Kafka\SuperSafeBank.Transport.Kafka.csproj", "{3E11120B-0279-4F9B-AEAA-DD7250234494}"
EndProject
Project("{9A19103F-16F7-4668-BE54-9A1E7A4F7556}") = "SuperSafeBank.Transport.Azure", "SuperSafeBank.Transport.Azure\SuperSafeBank.Transport.Azure.csproj", "{F49C17FE-F5C1-4C87-A709-AEC4645F56DE}"
EndProject
Project("{2150E333-8FDC-42A3-9474-1A3956D46DE8}") = "Azure", "Azure", "{D5B2E243-9FF1-48C0-901E-50D4C34D94B7}"
EndProject
Project("{9A19103F-16F7-4668-BE54-9A1E7A4F7556}") = "SuperSafeBank.Service.Core.Persistence.Mongo", "SuperSafeBank.Service.Core.Persistence.Mongo\SuperSafeBank.Service.Core.Persistence.Mongo.csproj", "{CCF665A5-0733-47C4-8836-F4FBBC11270C}"
EndProject
Project("{9A19103F-16F7-4668-BE54-9A1E7A4F7556}") = "SuperSafeBank.Worker.Core", "SuperSafeBank.Worker.Core\SuperSafeBank.Worker.Core.csproj", "{778596DC-D43C-4F36-B8DD-9AE8DF97B78A}"
EndProject
Project("{9A19103F-16F7-4668-BE54-9A1E7A4F7556}") = "SuperSafeBank.Service.Core", "SuperSafeBank.Service.Core\SuperSafeBank.Service.Core.csproj", "{B707147B-5CEA-4F3A-99FB-A89088F838D3}"
EndProject
Project("{9A19103F-16F7-4668-BE54-9A1E7A4F7556}") = "SuperSafeBank.Service.Core.Common", "SuperSafeBank.Service.Core.Common\SuperSafeBank.Service.Core.Common.csproj", "{5DF27999-FE77-493C-856B-5393CEA3D622}"
EndProject
Project("{9A19103F-16F7-4668-BE54-9A1E7A4F7556}") = "SuperSafeBank.Common", "SuperSafeBank.Common\SuperSafeBank.Common.csproj", "{A564DCAB-BB27-4105-A662-0F5B25D771FE}"
EndProject
Project("{9A19103F-16F7-4668-BE54-9A1E7A4F7556}") = "SuperSafeBank.Service.Core.Tests", "SuperSafeBank.Service.Core.Tests\SuperSafeBank.Service.Core.Tests.csproj", "{1241DF92-B952-4F54-A9E4-2B20CEBCE40B}"
EndProject
Project("{9A19103F-16F7-4668-BE54-9A1E7A4F7556}") = "SuperSafeBank.Service.Core.Azure", "SuperSafeBank.Service.Core.Azure\SuperSafeBank.Service.Core.Azure.csproj", "{1DA26567-BDD2-4D97-A372-BFB9F9355F50}"
EndProject
Project("{9A19103F-16F7-4668-BE54-9A1E7A4F7556}") = "SuperSafeBank.Worker.Core.Azure", "SuperSafeBank.Worker.Core.Azure\SuperSafeBank.Worker.Core.Azure.csproj", "{632B5AFA-5BC6-4FF3-AA5A-DF78D3AA441D}"
EndProject
Project("{9A19103F-16F7-4668-BE54-9A1E7A4F7556}") = "SuperSafeBank.Service.Core.Azure.Common", "SuperSafeBank.Service.Core.Azure.Common\SuperSafeBank.Service.Core.Azure.Common.csproj", "{B03F72A4-C8BC-4CB6-9BC9-65C42C72FBAB}"
EndProject
Project("{9A19103F-16F7-4668-BE54-9A1E7A4F7556}") = "SuperSafeBank.Service.Core.Azure.Tests", "SuperSafeBank.Service.Core.Azure.Tests\SuperSafeBank.Service.Core.Azure.Tests.csproj", "{0873B56E-FC07-4353-B721-437092AABA9D}"
EndProject
Project("{9A19103F-16F7-4668-BE54-9A1E7A4F7556}") = "SuperSafeBank.Worker.Core.Azure.Tests", "SuperSafeBank.Worker.Core.Azure.Tests\SuperSafeBank.Worker.Core.Azure.Tests.csproj", "{39DFF24B-C558-4CD6-AC97-B180418650A2}"
EndProject
Global
	GlobalSection(SolutionConfigurationPlatforms) = preSolution
		Debug|Any CPU = Debug|Any CPU
		DebugAzure|Any CPU = DebugAzure|Any CPU
		DebugOnPremise|Any CPU = DebugOnPremise|Any CPU
		Release|Any CPU = Release|Any CPU
	EndGlobalSection
	GlobalSection(ProjectConfigurationPlatforms) = postSolution
		{EE530189-2328-40EF-896F-73B7A3F56C0E}.Debug|Any CPU.ActiveCfg = Debug|Any CPU
		{EE530189-2328-40EF-896F-73B7A3F56C0E}.Debug|Any CPU.Build.0 = Debug|Any CPU
		{EE530189-2328-40EF-896F-73B7A3F56C0E}.DebugAzure|Any CPU.ActiveCfg = DebugAzure|Any CPU
		{EE530189-2328-40EF-896F-73B7A3F56C0E}.DebugAzure|Any CPU.Build.0 = DebugAzure|Any CPU
		{EE530189-2328-40EF-896F-73B7A3F56C0E}.DebugOnPremise|Any CPU.ActiveCfg = DebugOnPremise|Any CPU
		{EE530189-2328-40EF-896F-73B7A3F56C0E}.DebugOnPremise|Any CPU.Build.0 = DebugOnPremise|Any CPU
		{EE530189-2328-40EF-896F-73B7A3F56C0E}.Release|Any CPU.ActiveCfg = Release|Any CPU
		{EE530189-2328-40EF-896F-73B7A3F56C0E}.Release|Any CPU.Build.0 = Release|Any CPU
		{848B85D1-8026-487A-8C1D-82EE82D4A90B}.Debug|Any CPU.ActiveCfg = Debug|Any CPU
		{848B85D1-8026-487A-8C1D-82EE82D4A90B}.Debug|Any CPU.Build.0 = Debug|Any CPU
		{848B85D1-8026-487A-8C1D-82EE82D4A90B}.DebugAzure|Any CPU.ActiveCfg = DebugAzure|Any CPU
		{848B85D1-8026-487A-8C1D-82EE82D4A90B}.DebugAzure|Any CPU.Build.0 = DebugAzure|Any CPU
		{848B85D1-8026-487A-8C1D-82EE82D4A90B}.DebugOnPremise|Any CPU.ActiveCfg = DebugOnPremise|Any CPU
		{848B85D1-8026-487A-8C1D-82EE82D4A90B}.DebugOnPremise|Any CPU.Build.0 = DebugOnPremise|Any CPU
		{848B85D1-8026-487A-8C1D-82EE82D4A90B}.Release|Any CPU.ActiveCfg = Release|Any CPU
		{848B85D1-8026-487A-8C1D-82EE82D4A90B}.Release|Any CPU.Build.0 = Release|Any CPU
		{DE16F629-8843-485E-A96C-344B02CFADF0}.Debug|Any CPU.ActiveCfg = Debug|Any CPU
		{DE16F629-8843-485E-A96C-344B02CFADF0}.Debug|Any CPU.Build.0 = Debug|Any CPU
		{DE16F629-8843-485E-A96C-344B02CFADF0}.DebugAzure|Any CPU.ActiveCfg = DebugAzure|Any CPU
		{DE16F629-8843-485E-A96C-344B02CFADF0}.DebugAzure|Any CPU.Build.0 = DebugAzure|Any CPU
		{DE16F629-8843-485E-A96C-344B02CFADF0}.DebugOnPremise|Any CPU.ActiveCfg = DebugOnPremise|Any CPU
		{DE16F629-8843-485E-A96C-344B02CFADF0}.DebugOnPremise|Any CPU.Build.0 = DebugOnPremise|Any CPU
		{DE16F629-8843-485E-A96C-344B02CFADF0}.Release|Any CPU.ActiveCfg = Release|Any CPU
		{DE16F629-8843-485E-A96C-344B02CFADF0}.Release|Any CPU.Build.0 = Release|Any CPU
		{64FE837B-B73B-4E42-BFB5-ACA49BFDD540}.Debug|Any CPU.ActiveCfg = Debug|Any CPU
		{64FE837B-B73B-4E42-BFB5-ACA49BFDD540}.Debug|Any CPU.Build.0 = Debug|Any CPU
		{64FE837B-B73B-4E42-BFB5-ACA49BFDD540}.DebugAzure|Any CPU.ActiveCfg = DebugAzure|Any CPU
		{64FE837B-B73B-4E42-BFB5-ACA49BFDD540}.DebugAzure|Any CPU.Build.0 = DebugAzure|Any CPU
		{64FE837B-B73B-4E42-BFB5-ACA49BFDD540}.DebugOnPremise|Any CPU.ActiveCfg = DebugOnPremise|Any CPU
		{64FE837B-B73B-4E42-BFB5-ACA49BFDD540}.DebugOnPremise|Any CPU.Build.0 = DebugOnPremise|Any CPU
		{64FE837B-B73B-4E42-BFB5-ACA49BFDD540}.Release|Any CPU.ActiveCfg = Release|Any CPU
		{64FE837B-B73B-4E42-BFB5-ACA49BFDD540}.Release|Any CPU.Build.0 = Release|Any CPU
		{A8AD029C-8810-4577-8561-1893ACF686F5}.Debug|Any CPU.ActiveCfg = Debug|Any CPU
		{A8AD029C-8810-4577-8561-1893ACF686F5}.Debug|Any CPU.Build.0 = Debug|Any CPU
		{A8AD029C-8810-4577-8561-1893ACF686F5}.DebugAzure|Any CPU.ActiveCfg = DebugAzure|Any CPU
		{A8AD029C-8810-4577-8561-1893ACF686F5}.DebugAzure|Any CPU.Build.0 = DebugAzure|Any CPU
		{A8AD029C-8810-4577-8561-1893ACF686F5}.DebugOnPremise|Any CPU.ActiveCfg = Debug|Any CPU
		{A8AD029C-8810-4577-8561-1893ACF686F5}.DebugOnPremise|Any CPU.Build.0 = Debug|Any CPU
		{A8AD029C-8810-4577-8561-1893ACF686F5}.Release|Any CPU.ActiveCfg = Release|Any CPU
		{A8AD029C-8810-4577-8561-1893ACF686F5}.Release|Any CPU.Build.0 = Release|Any CPU
		{30BF041F-E980-4D19-AAA2-C84BC14FFEF8}.Debug|Any CPU.ActiveCfg = Debug|Any CPU
		{30BF041F-E980-4D19-AAA2-C84BC14FFEF8}.Debug|Any CPU.Build.0 = Debug|Any CPU
		{30BF041F-E980-4D19-AAA2-C84BC14FFEF8}.DebugAzure|Any CPU.ActiveCfg = Debug|Any CPU
		{30BF041F-E980-4D19-AAA2-C84BC14FFEF8}.DebugAzure|Any CPU.Build.0 = Debug|Any CPU
		{30BF041F-E980-4D19-AAA2-C84BC14FFEF8}.DebugOnPremise|Any CPU.ActiveCfg = Debug|Any CPU
		{30BF041F-E980-4D19-AAA2-C84BC14FFEF8}.DebugOnPremise|Any CPU.Build.0 = Debug|Any CPU
		{30BF041F-E980-4D19-AAA2-C84BC14FFEF8}.Release|Any CPU.ActiveCfg = Release|Any CPU
		{30BF041F-E980-4D19-AAA2-C84BC14FFEF8}.Release|Any CPU.Build.0 = Release|Any CPU
		{7583C648-D1D4-410E-98E7-D94622DC9BA0}.Debug|Any CPU.ActiveCfg = Debug|Any CPU
		{7583C648-D1D4-410E-98E7-D94622DC9BA0}.Debug|Any CPU.Build.0 = Debug|Any CPU
		{7583C648-D1D4-410E-98E7-D94622DC9BA0}.DebugAzure|Any CPU.ActiveCfg = Debug|Any CPU
		{7583C648-D1D4-410E-98E7-D94622DC9BA0}.DebugAzure|Any CPU.Build.0 = Debug|Any CPU
		{7583C648-D1D4-410E-98E7-D94622DC9BA0}.DebugOnPremise|Any CPU.ActiveCfg = Debug|Any CPU
		{7583C648-D1D4-410E-98E7-D94622DC9BA0}.DebugOnPremise|Any CPU.Build.0 = Debug|Any CPU
		{7583C648-D1D4-410E-98E7-D94622DC9BA0}.Release|Any CPU.ActiveCfg = Release|Any CPU
		{7583C648-D1D4-410E-98E7-D94622DC9BA0}.Release|Any CPU.Build.0 = Release|Any CPU
		{D9C0144F-893D-421A-89EE-E87D36F80CE3}.Debug|Any CPU.ActiveCfg = Debug|Any CPU
		{D9C0144F-893D-421A-89EE-E87D36F80CE3}.Debug|Any CPU.Build.0 = Debug|Any CPU
		{D9C0144F-893D-421A-89EE-E87D36F80CE3}.DebugAzure|Any CPU.ActiveCfg = Debug|Any CPU
		{D9C0144F-893D-421A-89EE-E87D36F80CE3}.DebugAzure|Any CPU.Build.0 = Debug|Any CPU
		{D9C0144F-893D-421A-89EE-E87D36F80CE3}.DebugOnPremise|Any CPU.ActiveCfg = Debug|Any CPU
		{D9C0144F-893D-421A-89EE-E87D36F80CE3}.DebugOnPremise|Any CPU.Build.0 = Debug|Any CPU
		{D9C0144F-893D-421A-89EE-E87D36F80CE3}.Release|Any CPU.ActiveCfg = Release|Any CPU
		{D9C0144F-893D-421A-89EE-E87D36F80CE3}.Release|Any CPU.Build.0 = Release|Any CPU
		{3A0C1B7E-7745-49E1-AC44-61DE79EA9C1C}.Debug|Any CPU.ActiveCfg = Debug|Any CPU
		{3A0C1B7E-7745-49E1-AC44-61DE79EA9C1C}.Debug|Any CPU.Build.0 = Debug|Any CPU
		{3A0C1B7E-7745-49E1-AC44-61DE79EA9C1C}.DebugAzure|Any CPU.ActiveCfg = Debug|Any CPU
		{3A0C1B7E-7745-49E1-AC44-61DE79EA9C1C}.DebugAzure|Any CPU.Build.0 = Debug|Any CPU
		{3A0C1B7E-7745-49E1-AC44-61DE79EA9C1C}.DebugOnPremise|Any CPU.ActiveCfg = Debug|Any CPU
		{3A0C1B7E-7745-49E1-AC44-61DE79EA9C1C}.DebugOnPremise|Any CPU.Build.0 = Debug|Any CPU
		{3A0C1B7E-7745-49E1-AC44-61DE79EA9C1C}.Release|Any CPU.ActiveCfg = Release|Any CPU
		{3A0C1B7E-7745-49E1-AC44-61DE79EA9C1C}.Release|Any CPU.Build.0 = Release|Any CPU
		{E8CB1E2F-C9F8-4538-9A02-9C10097F513A}.Debug|Any CPU.ActiveCfg = Debug|Any CPU
		{E8CB1E2F-C9F8-4538-9A02-9C10097F513A}.Debug|Any CPU.Build.0 = Debug|Any CPU
		{E8CB1E2F-C9F8-4538-9A02-9C10097F513A}.DebugAzure|Any CPU.ActiveCfg = Debug|Any CPU
		{E8CB1E2F-C9F8-4538-9A02-9C10097F513A}.DebugAzure|Any CPU.Build.0 = Debug|Any CPU
		{E8CB1E2F-C9F8-4538-9A02-9C10097F513A}.DebugOnPremise|Any CPU.ActiveCfg = Debug|Any CPU
		{E8CB1E2F-C9F8-4538-9A02-9C10097F513A}.DebugOnPremise|Any CPU.Build.0 = Debug|Any CPU
		{E8CB1E2F-C9F8-4538-9A02-9C10097F513A}.Release|Any CPU.ActiveCfg = Release|Any CPU
		{E8CB1E2F-C9F8-4538-9A02-9C10097F513A}.Release|Any CPU.Build.0 = Release|Any CPU
		{3E11120B-0279-4F9B-AEAA-DD7250234494}.Debug|Any CPU.ActiveCfg = Debug|Any CPU
		{3E11120B-0279-4F9B-AEAA-DD7250234494}.Debug|Any CPU.Build.0 = Debug|Any CPU
		{3E11120B-0279-4F9B-AEAA-DD7250234494}.DebugAzure|Any CPU.ActiveCfg = Debug|Any CPU
		{3E11120B-0279-4F9B-AEAA-DD7250234494}.DebugAzure|Any CPU.Build.0 = Debug|Any CPU
		{3E11120B-0279-4F9B-AEAA-DD7250234494}.DebugOnPremise|Any CPU.ActiveCfg = Debug|Any CPU
		{3E11120B-0279-4F9B-AEAA-DD7250234494}.DebugOnPremise|Any CPU.Build.0 = Debug|Any CPU
		{3E11120B-0279-4F9B-AEAA-DD7250234494}.Release|Any CPU.ActiveCfg = Release|Any CPU
		{3E11120B-0279-4F9B-AEAA-DD7250234494}.Release|Any CPU.Build.0 = Release|Any CPU
		{F49C17FE-F5C1-4C87-A709-AEC4645F56DE}.Debug|Any CPU.ActiveCfg = Debug|Any CPU
		{F49C17FE-F5C1-4C87-A709-AEC4645F56DE}.Debug|Any CPU.Build.0 = Debug|Any CPU
		{F49C17FE-F5C1-4C87-A709-AEC4645F56DE}.DebugAzure|Any CPU.ActiveCfg = Debug|Any CPU
		{F49C17FE-F5C1-4C87-A709-AEC4645F56DE}.DebugAzure|Any CPU.Build.0 = Debug|Any CPU
		{F49C17FE-F5C1-4C87-A709-AEC4645F56DE}.DebugOnPremise|Any CPU.ActiveCfg = Debug|Any CPU
		{F49C17FE-F5C1-4C87-A709-AEC4645F56DE}.DebugOnPremise|Any CPU.Build.0 = Debug|Any CPU
		{F49C17FE-F5C1-4C87-A709-AEC4645F56DE}.Release|Any CPU.ActiveCfg = Release|Any CPU
		{F49C17FE-F5C1-4C87-A709-AEC4645F56DE}.Release|Any CPU.Build.0 = Release|Any CPU
		{CCF665A5-0733-47C4-8836-F4FBBC11270C}.Debug|Any CPU.ActiveCfg = Debug|Any CPU
		{CCF665A5-0733-47C4-8836-F4FBBC11270C}.Debug|Any CPU.Build.0 = Debug|Any CPU
		{CCF665A5-0733-47C4-8836-F4FBBC11270C}.DebugAzure|Any CPU.ActiveCfg = Debug|Any CPU
		{CCF665A5-0733-47C4-8836-F4FBBC11270C}.DebugAzure|Any CPU.Build.0 = Debug|Any CPU
		{CCF665A5-0733-47C4-8836-F4FBBC11270C}.DebugOnPremise|Any CPU.ActiveCfg = DebugOnPremise|Any CPU
		{CCF665A5-0733-47C4-8836-F4FBBC11270C}.DebugOnPremise|Any CPU.Build.0 = DebugOnPremise|Any CPU
		{CCF665A5-0733-47C4-8836-F4FBBC11270C}.Release|Any CPU.ActiveCfg = Release|Any CPU
		{CCF665A5-0733-47C4-8836-F4FBBC11270C}.Release|Any CPU.Build.0 = Release|Any CPU
		{778596DC-D43C-4F36-B8DD-9AE8DF97B78A}.Debug|Any CPU.ActiveCfg = Debug|Any CPU
		{778596DC-D43C-4F36-B8DD-9AE8DF97B78A}.Debug|Any CPU.Build.0 = Debug|Any CPU
		{778596DC-D43C-4F36-B8DD-9AE8DF97B78A}.DebugAzure|Any CPU.ActiveCfg = Debug|Any CPU
		{778596DC-D43C-4F36-B8DD-9AE8DF97B78A}.DebugAzure|Any CPU.Build.0 = Debug|Any CPU
		{778596DC-D43C-4F36-B8DD-9AE8DF97B78A}.DebugOnPremise|Any CPU.ActiveCfg = Debug|Any CPU
		{778596DC-D43C-4F36-B8DD-9AE8DF97B78A}.DebugOnPremise|Any CPU.Build.0 = Debug|Any CPU
		{778596DC-D43C-4F36-B8DD-9AE8DF97B78A}.Release|Any CPU.ActiveCfg = Release|Any CPU
		{778596DC-D43C-4F36-B8DD-9AE8DF97B78A}.Release|Any CPU.Build.0 = Release|Any CPU
		{B707147B-5CEA-4F3A-99FB-A89088F838D3}.Debug|Any CPU.ActiveCfg = Debug|Any CPU
		{B707147B-5CEA-4F3A-99FB-A89088F838D3}.Debug|Any CPU.Build.0 = Debug|Any CPU
		{B707147B-5CEA-4F3A-99FB-A89088F838D3}.DebugAzure|Any CPU.ActiveCfg = DebugAzure|Any CPU
		{B707147B-5CEA-4F3A-99FB-A89088F838D3}.DebugAzure|Any CPU.Build.0 = DebugAzure|Any CPU
		{B707147B-5CEA-4F3A-99FB-A89088F838D3}.DebugOnPremise|Any CPU.ActiveCfg = DebugOnPremise|Any CPU
		{B707147B-5CEA-4F3A-99FB-A89088F838D3}.DebugOnPremise|Any CPU.Build.0 = DebugOnPremise|Any CPU
		{B707147B-5CEA-4F3A-99FB-A89088F838D3}.Release|Any CPU.ActiveCfg = Release|Any CPU
		{B707147B-5CEA-4F3A-99FB-A89088F838D3}.Release|Any CPU.Build.0 = Release|Any CPU
		{5DF27999-FE77-493C-856B-5393CEA3D622}.Debug|Any CPU.ActiveCfg = Debug|Any CPU
		{5DF27999-FE77-493C-856B-5393CEA3D622}.Debug|Any CPU.Build.0 = Debug|Any CPU
		{5DF27999-FE77-493C-856B-5393CEA3D622}.DebugAzure|Any CPU.ActiveCfg = Debug|Any CPU
		{5DF27999-FE77-493C-856B-5393CEA3D622}.DebugOnPremise|Any CPU.ActiveCfg = Debug|Any CPU
		{5DF27999-FE77-493C-856B-5393CEA3D622}.Release|Any CPU.ActiveCfg = Release|Any CPU
		{5DF27999-FE77-493C-856B-5393CEA3D622}.Release|Any CPU.Build.0 = Release|Any CPU
		{A564DCAB-BB27-4105-A662-0F5B25D771FE}.Debug|Any CPU.ActiveCfg = Debug|Any CPU
		{A564DCAB-BB27-4105-A662-0F5B25D771FE}.Debug|Any CPU.Build.0 = Debug|Any CPU
		{A564DCAB-BB27-4105-A662-0F5B25D771FE}.DebugAzure|Any CPU.ActiveCfg = DebugAzure|Any CPU
		{A564DCAB-BB27-4105-A662-0F5B25D771FE}.DebugAzure|Any CPU.Build.0 = DebugAzure|Any CPU
		{A564DCAB-BB27-4105-A662-0F5B25D771FE}.DebugOnPremise|Any CPU.ActiveCfg = DebugOnPremise|Any CPU
		{A564DCAB-BB27-4105-A662-0F5B25D771FE}.DebugOnPremise|Any CPU.Build.0 = DebugOnPremise|Any CPU
		{A564DCAB-BB27-4105-A662-0F5B25D771FE}.Release|Any CPU.ActiveCfg = Release|Any CPU
		{A564DCAB-BB27-4105-A662-0F5B25D771FE}.Release|Any CPU.Build.0 = Release|Any CPU
		{1241DF92-B952-4F54-A9E4-2B20CEBCE40B}.Debug|Any CPU.ActiveCfg = Debug|Any CPU
		{1241DF92-B952-4F54-A9E4-2B20CEBCE40B}.Debug|Any CPU.Build.0 = Debug|Any CPU
		{1241DF92-B952-4F54-A9E4-2B20CEBCE40B}.DebugAzure|Any CPU.ActiveCfg = Debug|Any CPU
		{1241DF92-B952-4F54-A9E4-2B20CEBCE40B}.DebugAzure|Any CPU.Build.0 = Debug|Any CPU
		{1241DF92-B952-4F54-A9E4-2B20CEBCE40B}.DebugOnPremise|Any CPU.ActiveCfg = DebugOnPremise|Any CPU
		{1241DF92-B952-4F54-A9E4-2B20CEBCE40B}.DebugOnPremise|Any CPU.Build.0 = DebugOnPremise|Any CPU
		{1241DF92-B952-4F54-A9E4-2B20CEBCE40B}.Release|Any CPU.ActiveCfg = Release|Any CPU
		{1241DF92-B952-4F54-A9E4-2B20CEBCE40B}.Release|Any CPU.Build.0 = Release|Any CPU
		{1DA26567-BDD2-4D97-A372-BFB9F9355F50}.Debug|Any CPU.ActiveCfg = Debug|Any CPU
		{1DA26567-BDD2-4D97-A372-BFB9F9355F50}.Debug|Any CPU.Build.0 = Debug|Any CPU
		{1DA26567-BDD2-4D97-A372-BFB9F9355F50}.DebugAzure|Any CPU.ActiveCfg = Debug|Any CPU
		{1DA26567-BDD2-4D97-A372-BFB9F9355F50}.DebugAzure|Any CPU.Build.0 = Debug|Any CPU
		{1DA26567-BDD2-4D97-A372-BFB9F9355F50}.DebugOnPremise|Any CPU.ActiveCfg = Debug|Any CPU
		{1DA26567-BDD2-4D97-A372-BFB9F9355F50}.DebugOnPremise|Any CPU.Build.0 = Debug|Any CPU
		{1DA26567-BDD2-4D97-A372-BFB9F9355F50}.Release|Any CPU.ActiveCfg = Release|Any CPU
		{1DA26567-BDD2-4D97-A372-BFB9F9355F50}.Release|Any CPU.Build.0 = Release|Any CPU
		{632B5AFA-5BC6-4FF3-AA5A-DF78D3AA441D}.Debug|Any CPU.ActiveCfg = Debug|Any CPU
		{632B5AFA-5BC6-4FF3-AA5A-DF78D3AA441D}.Debug|Any CPU.Build.0 = Debug|Any CPU
		{632B5AFA-5BC6-4FF3-AA5A-DF78D3AA441D}.DebugAzure|Any CPU.ActiveCfg = Debug|Any CPU
		{632B5AFA-5BC6-4FF3-AA5A-DF78D3AA441D}.DebugAzure|Any CPU.Build.0 = Debug|Any CPU
		{632B5AFA-5BC6-4FF3-AA5A-DF78D3AA441D}.DebugOnPremise|Any CPU.ActiveCfg = Debug|Any CPU
		{632B5AFA-5BC6-4FF3-AA5A-DF78D3AA441D}.DebugOnPremise|Any CPU.Build.0 = Debug|Any CPU
		{632B5AFA-5BC6-4FF3-AA5A-DF78D3AA441D}.Release|Any CPU.ActiveCfg = Release|Any CPU
		{632B5AFA-5BC6-4FF3-AA5A-DF78D3AA441D}.Release|Any CPU.Build.0 = Release|Any CPU
		{B03F72A4-C8BC-4CB6-9BC9-65C42C72FBAB}.Debug|Any CPU.ActiveCfg = Debug|Any CPU
		{B03F72A4-C8BC-4CB6-9BC9-65C42C72FBAB}.Debug|Any CPU.Build.0 = Debug|Any CPU
		{B03F72A4-C8BC-4CB6-9BC9-65C42C72FBAB}.DebugAzure|Any CPU.ActiveCfg = Debug|Any CPU
		{B03F72A4-C8BC-4CB6-9BC9-65C42C72FBAB}.DebugAzure|Any CPU.Build.0 = Debug|Any CPU
		{B03F72A4-C8BC-4CB6-9BC9-65C42C72FBAB}.DebugOnPremise|Any CPU.ActiveCfg = Debug|Any CPU
		{B03F72A4-C8BC-4CB6-9BC9-65C42C72FBAB}.DebugOnPremise|Any CPU.Build.0 = Debug|Any CPU
		{B03F72A4-C8BC-4CB6-9BC9-65C42C72FBAB}.Release|Any CPU.ActiveCfg = Release|Any CPU
		{B03F72A4-C8BC-4CB6-9BC9-65C42C72FBAB}.Release|Any CPU.Build.0 = Release|Any CPU
		{0873B56E-FC07-4353-B721-437092AABA9D}.Debug|Any CPU.ActiveCfg = Debug|Any CPU
		{0873B56E-FC07-4353-B721-437092AABA9D}.Debug|Any CPU.Build.0 = Debug|Any CPU
		{0873B56E-FC07-4353-B721-437092AABA9D}.DebugAzure|Any CPU.ActiveCfg = Debug|Any CPU
		{0873B56E-FC07-4353-B721-437092AABA9D}.DebugAzure|Any CPU.Build.0 = Debug|Any CPU
		{0873B56E-FC07-4353-B721-437092AABA9D}.DebugOnPremise|Any CPU.ActiveCfg = Debug|Any CPU
		{0873B56E-FC07-4353-B721-437092AABA9D}.DebugOnPremise|Any CPU.Build.0 = Debug|Any CPU
		{0873B56E-FC07-4353-B721-437092AABA9D}.Release|Any CPU.ActiveCfg = Release|Any CPU
		{0873B56E-FC07-4353-B721-437092AABA9D}.Release|Any CPU.Build.0 = Release|Any CPU
		{39DFF24B-C558-4CD6-AC97-B180418650A2}.Debug|Any CPU.ActiveCfg = Debug|Any CPU
		{39DFF24B-C558-4CD6-AC97-B180418650A2}.Debug|Any CPU.Build.0 = Debug|Any CPU
		{39DFF24B-C558-4CD6-AC97-B180418650A2}.DebugAzure|Any CPU.ActiveCfg = Debug|Any CPU
		{39DFF24B-C558-4CD6-AC97-B180418650A2}.DebugAzure|Any CPU.Build.0 = Debug|Any CPU
		{39DFF24B-C558-4CD6-AC97-B180418650A2}.DebugOnPremise|Any CPU.ActiveCfg = Debug|Any CPU
		{39DFF24B-C558-4CD6-AC97-B180418650A2}.DebugOnPremise|Any CPU.Build.0 = Debug|Any CPU
		{39DFF24B-C558-4CD6-AC97-B180418650A2}.Release|Any CPU.ActiveCfg = Release|Any CPU
		{39DFF24B-C558-4CD6-AC97-B180418650A2}.Release|Any CPU.Build.0 = Release|Any CPU
	EndGlobalSection
	GlobalSection(SolutionProperties) = preSolution
		HideSolutionNode = FALSE
	EndGlobalSection
	GlobalSection(NestedProjects) = preSolution
		{EE530189-2328-40EF-896F-73B7A3F56C0E} = {EC65D781-714C-4F07-AE6E-BD387D276238}
		{848B85D1-8026-487A-8C1D-82EE82D4A90B} = {EC65D781-714C-4F07-AE6E-BD387D276238}
		{DE16F629-8843-485E-A96C-344B02CFADF0} = {BB8CDDBD-7E93-4F38-908C-093908EFAB9B}
		{64FE837B-B73B-4E42-BFB5-ACA49BFDD540} = {4C341047-25AD-420A-9F26-18769413856F}
		{4C341047-25AD-420A-9F26-18769413856F} = {7FBE1D53-88F3-4F10-82BA-6AA47A846947}
		{A8AD029C-8810-4577-8561-1893ACF686F5} = {AFEFE4E3-894C-4A62-973B-B5CD430F6FC5}
		{30BF041F-E980-4D19-AAA2-C84BC14FFEF8} = {AFEFE4E3-894C-4A62-973B-B5CD430F6FC5}
		{BB8CDDBD-7E93-4F38-908C-093908EFAB9B} = {CA232CD4-F670-49F0-AD07-75B030476841}
		{AFEFE4E3-894C-4A62-973B-B5CD430F6FC5} = {CA232CD4-F670-49F0-AD07-75B030476841}
		{7583C648-D1D4-410E-98E7-D94622DC9BA0} = {BB8CDDBD-7E93-4F38-908C-093908EFAB9B}
		{D9C0144F-893D-421A-89EE-E87D36F80CE3} = {CA232CD4-F670-49F0-AD07-75B030476841}
		{3A0C1B7E-7745-49E1-AC44-61DE79EA9C1C} = {BB8CDDBD-7E93-4F38-908C-093908EFAB9B}
		{E8CB1E2F-C9F8-4538-9A02-9C10097F513A} = {BB8CDDBD-7E93-4F38-908C-093908EFAB9B}
		{3E11120B-0279-4F9B-AEAA-DD7250234494} = {BB8CDDBD-7E93-4F38-908C-093908EFAB9B}
		{F49C17FE-F5C1-4C87-A709-AEC4645F56DE} = {AFEFE4E3-894C-4A62-973B-B5CD430F6FC5}
		{D5B2E243-9FF1-48C0-901E-50D4C34D94B7} = {7FBE1D53-88F3-4F10-82BA-6AA47A846947}
		{CCF665A5-0733-47C4-8836-F4FBBC11270C} = {4C341047-25AD-420A-9F26-18769413856F}
		{778596DC-D43C-4F36-B8DD-9AE8DF97B78A} = {4C341047-25AD-420A-9F26-18769413856F}
		{B707147B-5CEA-4F3A-99FB-A89088F838D3} = {4C341047-25AD-420A-9F26-18769413856F}
		{5DF27999-FE77-493C-856B-5393CEA3D622} = {7FBE1D53-88F3-4F10-82BA-6AA47A846947}
		{A564DCAB-BB27-4105-A662-0F5B25D771FE} = {EC65D781-714C-4F07-AE6E-BD387D276238}
		{1241DF92-B952-4F54-A9E4-2B20CEBCE40B} = {4C341047-25AD-420A-9F26-18769413856F}
		{1DA26567-BDD2-4D97-A372-BFB9F9355F50} = {D5B2E243-9FF1-48C0-901E-50D4C34D94B7}
		{632B5AFA-5BC6-4FF3-AA5A-DF78D3AA441D} = {D5B2E243-9FF1-48C0-901E-50D4C34D94B7}
		{B03F72A4-C8BC-4CB6-9BC9-65C42C72FBAB} = {D5B2E243-9FF1-48C0-901E-50D4C34D94B7}
		{0873B56E-FC07-4353-B721-437092AABA9D} = {D5B2E243-9FF1-48C0-901E-50D4C34D94B7}
		{39DFF24B-C558-4CD6-AC97-B180418650A2} = {D5B2E243-9FF1-48C0-901E-50D4C34D94B7}
	EndGlobalSection
	GlobalSection(ExtensibilityGlobals) = postSolution
		SolutionGuid = {E0B66EEF-193F-4DB1-84E7-43CABFF3C91D}
	EndGlobalSection
EndGlobal
