
Microsoft Visual Studio Solution File, Format Version 12.00
# Visual Studio Version 16
VisualStudioVersion = 16.0.29709.97
MinimumVisualStudioVersion = 10.0.40219.1
Project("{9A19103F-16F7-4668-BE54-9A1E7A4F7556}") = "SuperSafeBank.Core", "SuperSafeBank.Core\SuperSafeBank.Core.csproj", "{5C24EE52-5804-4773-A1AA-00D507DA8250}"
EndProject
Project("{9A19103F-16F7-4668-BE54-9A1E7A4F7556}") = "SuperSafeBank.Domain", "SuperSafeBank.Domain\SuperSafeBank.Domain.csproj", "{EE530189-2328-40EF-896F-73B7A3F56C0E}"
EndProject
Project("{9A19103F-16F7-4668-BE54-9A1E7A4F7556}") = "SuperSafeBank.Domain.Tests", "SuperSafeBank.Domain.Tests\SuperSafeBank.Domain.Tests.csproj", "{848B85D1-8026-487A-8C1D-82EE82D4A90B}"
EndProject
Project("{9A19103F-16F7-4668-BE54-9A1E7A4F7556}") = "SuperSafeBank.Persistence.EventStore", "SuperSafeBank.Persistence.EventStore\SuperSafeBank.Persistence.EventStore.csproj", "{DE16F629-8843-485E-A96C-344B02CFADF0}"
EndProject
Project("{9A19103F-16F7-4668-BE54-9A1E7A4F7556}") = "SuperSafeBank.Persistence.Kafka", "SuperSafeBank.Persistence.Kafka\SuperSafeBank.Persistence.Kafka.csproj", "{6BAD29CD-0B16-4715-9AEC-BB1CADADC55F}"
EndProject
Project("{9A19103F-16F7-4668-BE54-9A1E7A4F7556}") = "SuperSafeBank.Web.API", "SuperSafeBank.Web.API\SuperSafeBank.Web.API.csproj", "{26C3CE1A-76FC-47F7-9636-D757846359F4}"
EndProject
Project("{9A19103F-16F7-4668-BE54-9A1E7A4F7556}") = "SuperSafeBank.Web.API.Tests", "SuperSafeBank.Web.API.Tests\SuperSafeBank.Web.API.Tests.csproj", "{FDF445BE-99DF-4B76-8EF6-2215B2875C68}"
EndProject
Project("{2150E333-8FDC-42A3-9474-1A3956D46DE8}") = "Core", "Core", "{EC65D781-714C-4F07-AE6E-BD387D276238}"
EndProject
Project("{2150E333-8FDC-42A3-9474-1A3956D46DE8}") = "Services", "Services", "{7FBE1D53-88F3-4F10-82BA-6AA47A846947}"
EndProject
Project("{FAE04EC0-301F-11D3-BF4B-00C04F79EFBC}") = "SuperSafeBank.Worker.Notifications", "SuperSafeBank.Worker.Notifications\SuperSafeBank.Worker.Notifications.csproj", "{64FE837B-B73B-4E42-BFB5-ACA49BFDD540}"
EndProject
Global
	GlobalSection(SolutionConfigurationPlatforms) = preSolution
		Debug|Any CPU = Debug|Any CPU
		Release|Any CPU = Release|Any CPU
	EndGlobalSection
	GlobalSection(ProjectConfigurationPlatforms) = postSolution
		{5C24EE52-5804-4773-A1AA-00D507DA8250}.Debug|Any CPU.ActiveCfg = Debug|Any CPU
		{5C24EE52-5804-4773-A1AA-00D507DA8250}.Debug|Any CPU.Build.0 = Debug|Any CPU
		{5C24EE52-5804-4773-A1AA-00D507DA8250}.Release|Any CPU.ActiveCfg = Release|Any CPU
		{5C24EE52-5804-4773-A1AA-00D507DA8250}.Release|Any CPU.Build.0 = Release|Any CPU
		{EE530189-2328-40EF-896F-73B7A3F56C0E}.Debug|Any CPU.ActiveCfg = Debug|Any CPU
		{EE530189-2328-40EF-896F-73B7A3F56C0E}.Debug|Any CPU.Build.0 = Debug|Any CPU
		{EE530189-2328-40EF-896F-73B7A3F56C0E}.Release|Any CPU.ActiveCfg = Release|Any CPU
		{EE530189-2328-40EF-896F-73B7A3F56C0E}.Release|Any CPU.Build.0 = Release|Any CPU
		{848B85D1-8026-487A-8C1D-82EE82D4A90B}.Debug|Any CPU.ActiveCfg = Debug|Any CPU
		{848B85D1-8026-487A-8C1D-82EE82D4A90B}.Debug|Any CPU.Build.0 = Debug|Any CPU
		{848B85D1-8026-487A-8C1D-82EE82D4A90B}.Release|Any CPU.ActiveCfg = Release|Any CPU
		{848B85D1-8026-487A-8C1D-82EE82D4A90B}.Release|Any CPU.Build.0 = Release|Any CPU
		{DE16F629-8843-485E-A96C-344B02CFADF0}.Debug|Any CPU.ActiveCfg = Debug|Any CPU
		{DE16F629-8843-485E-A96C-344B02CFADF0}.Debug|Any CPU.Build.0 = Debug|Any CPU
		{DE16F629-8843-485E-A96C-344B02CFADF0}.Release|Any CPU.ActiveCfg = Release|Any CPU
		{DE16F629-8843-485E-A96C-344B02CFADF0}.Release|Any CPU.Build.0 = Release|Any CPU
		{6BAD29CD-0B16-4715-9AEC-BB1CADADC55F}.Debug|Any CPU.ActiveCfg = Debug|Any CPU
		{6BAD29CD-0B16-4715-9AEC-BB1CADADC55F}.Debug|Any CPU.Build.0 = Debug|Any CPU
		{6BAD29CD-0B16-4715-9AEC-BB1CADADC55F}.Release|Any CPU.ActiveCfg = Release|Any CPU
		{6BAD29CD-0B16-4715-9AEC-BB1CADADC55F}.Release|Any CPU.Build.0 = Release|Any CPU
		{26C3CE1A-76FC-47F7-9636-D757846359F4}.Debug|Any CPU.ActiveCfg = Debug|Any CPU
		{26C3CE1A-76FC-47F7-9636-D757846359F4}.Debug|Any CPU.Build.0 = Debug|Any CPU
		{26C3CE1A-76FC-47F7-9636-D757846359F4}.Release|Any CPU.ActiveCfg = Release|Any CPU
		{26C3CE1A-76FC-47F7-9636-D757846359F4}.Release|Any CPU.Build.0 = Release|Any CPU
		{FDF445BE-99DF-4B76-8EF6-2215B2875C68}.Debug|Any CPU.ActiveCfg = Debug|Any CPU
		{FDF445BE-99DF-4B76-8EF6-2215B2875C68}.Debug|Any CPU.Build.0 = Debug|Any CPU
		{FDF445BE-99DF-4B76-8EF6-2215B2875C68}.Release|Any CPU.ActiveCfg = Release|Any CPU
		{FDF445BE-99DF-4B76-8EF6-2215B2875C68}.Release|Any CPU.Build.0 = Release|Any CPU
		{64FE837B-B73B-4E42-BFB5-ACA49BFDD540}.Debug|Any CPU.ActiveCfg = Debug|Any CPU
		{64FE837B-B73B-4E42-BFB5-ACA49BFDD540}.Debug|Any CPU.Build.0 = Debug|Any CPU
		{64FE837B-B73B-4E42-BFB5-ACA49BFDD540}.Release|Any CPU.ActiveCfg = Release|Any CPU
		{64FE837B-B73B-4E42-BFB5-ACA49BFDD540}.Release|Any CPU.Build.0 = Release|Any CPU
	EndGlobalSection
	GlobalSection(SolutionProperties) = preSolution
		HideSolutionNode = FALSE
	EndGlobalSection
	GlobalSection(NestedProjects) = preSolution
		{5C24EE52-5804-4773-A1AA-00D507DA8250} = {EC65D781-714C-4F07-AE6E-BD387D276238}
		{EE530189-2328-40EF-896F-73B7A3F56C0E} = {EC65D781-714C-4F07-AE6E-BD387D276238}
		{848B85D1-8026-487A-8C1D-82EE82D4A90B} = {EC65D781-714C-4F07-AE6E-BD387D276238}
		{DE16F629-8843-485E-A96C-344B02CFADF0} = {EC65D781-714C-4F07-AE6E-BD387D276238}
		{6BAD29CD-0B16-4715-9AEC-BB1CADADC55F} = {EC65D781-714C-4F07-AE6E-BD387D276238}
		{26C3CE1A-76FC-47F7-9636-D757846359F4} = {7FBE1D53-88F3-4F10-82BA-6AA47A846947}
		{FDF445BE-99DF-4B76-8EF6-2215B2875C68} = {7FBE1D53-88F3-4F10-82BA-6AA47A846947}
		{64FE837B-B73B-4E42-BFB5-ACA49BFDD540} = {7FBE1D53-88F3-4F10-82BA-6AA47A846947}
	EndGlobalSection
	GlobalSection(ExtensibilityGlobals) = postSolution
		SolutionGuid = {E0B66EEF-193F-4DB1-84E7-43CABFF3C91D}
	EndGlobalSection
EndGlobal
